
Microsoft Visual Studio Solution File, Format Version 12.00
# Visual Studio 2012
Project("{FAE04EC0-301F-11D3-BF4B-00C04F79EFBC}") = "GovHackJudgingSheets", "GovHackJudgingSheets\GovHackJudgingSheets.csproj", "{098258BC-052D-4D48-9C05-2900982E629A}"
EndProject
Global
	GlobalSection(SolutionConfigurationPlatforms) = preSolution
		Debug|x86 = Debug|x86
		Release|x86 = Release|x86
	EndGlobalSection
	GlobalSection(ProjectConfigurationPlatforms) = postSolution
		{098258BC-052D-4D48-9C05-2900982E629A}.Debug|x86.ActiveCfg = Debug|x86
		{098258BC-052D-4D48-9C05-2900982E629A}.Debug|x86.Build.0 = Debug|x86
		{098258BC-052D-4D48-9C05-2900982E629A}.Release|x86.ActiveCfg = Release|x86
		{098258BC-052D-4D48-9C05-2900982E629A}.Release|x86.Build.0 = Release|x86
	EndGlobalSection
EndGlobal
